
Microsoft Visual Studio Solution File, Format Version 12.00
# Visual Studio Version 17
VisualStudioVersion = 17.14.37203.1 d17.14
MinimumVisualStudioVersion = 10.0.40219.1
Project("{FAE04EC0-301F-11D3-BF4B-00C04F79EFBC}") = "CreditWorksVehicleManagement", "CreditWorksVehicleManagement\CreditWorksVehicleManagement.csproj", "{1B7479AC-D112-4E77-A570-2CFDF61E4541}"
EndProject
Project("{FAE04EC0-301F-11D3-BF4B-00C04F79EFBC}") = "CreditWorksVehicleManagement.Tests", "CreditWorksVehicleManagement.Tests\CreditWorksVehicleManagement.Tests.csproj", "{D3ACFE68-2CFA-44BB-BF2B-7722300F2A0C}"
EndProject
Global
	GlobalSection(SolutionConfigurationPlatforms) = preSolution
		Debug|Any CPU = Debug|Any CPU
		Release|Any CPU = Release|Any CPU
	EndGlobalSection
	GlobalSection(ProjectConfigurationPlatforms) = postSolution
		{1B7479AC-D112-4E77-A570-2CFDF61E4541}.Debug|Any CPU.ActiveCfg = Debug|Any CPU
		{1B7479AC-D112-4E77-A570-2CFDF61E4541}.Debug|Any CPU.Build.0 = Debug|Any CPU
		{1B7479AC-D112-4E77-A570-2CFDF61E4541}.Release|Any CPU.ActiveCfg = Release|Any CPU
		{1B7479AC-D112-4E77-A570-2CFDF61E4541}.Release|Any CPU.Build.0 = Release|Any CPU
		{D3ACFE68-2CFA-44BB-BF2B-7722300F2A0C}.Debug|Any CPU.ActiveCfg = Debug|Any CPU
		{D3ACFE68-2CFA-44BB-BF2B-7722300F2A0C}.Debug|Any CPU.Build.0 = Debug|Any CPU
		{D3ACFE68-2CFA-44BB-BF2B-7722300F2A0C}.Release|Any CPU.ActiveCfg = Release|Any CPU
		{D3ACFE68-2CFA-44BB-BF2B-7722300F2A0C}.Release|Any CPU.Build.0 = Release|Any CPU
	EndGlobalSection
	GlobalSection(SolutionProperties) = preSolution
		HideSolutionNode = FALSE
	EndGlobalSection
	GlobalSection(ExtensibilityGlobals) = postSolution
		SolutionGuid = {87D598C6-E0E3-4FA5-B06D-25B3E2CA660C}
	EndGlobalSection
EndGlobal
